
Microsoft Visual Studio Solution File, Format Version 12.00
# Visual Studio Version 17
VisualStudioVersion = 17.5.33516.290
MinimumVisualStudioVersion = 10.0.40219.1
Project("{FAE04EC0-301F-11D3-BF4B-00C04F79EFBC}") = "net-calculator-tester", "net-calculator-tester\net-calculator-tester.csproj", "{D873A369-FA62-4243-9A00-2C6015E159C7}"
EndProject
Project("{FAE04EC0-301F-11D3-BF4B-00C04F79EFBC}") = "TestProject1", "TestProject1\TestProject1.csproj", "{6505D8C9-5A3F-4E43-AC21-3EA31856C0C6}"
EndProject
Global
	GlobalSection(SolutionConfigurationPlatforms) = preSolution
		Debug|Any CPU = Debug|Any CPU
		Release|Any CPU = Release|Any CPU
	EndGlobalSection
	GlobalSection(ProjectConfigurationPlatforms) = postSolution
		{D873A369-FA62-4243-9A00-2C6015E159C7}.Debug|Any CPU.ActiveCfg = Debug|Any CPU
		{D873A369-FA62-4243-9A00-2C6015E159C7}.Debug|Any CPU.Build.0 = Debug|Any CPU
		{D873A369-FA62-4243-9A00-2C6015E159C7}.Release|Any CPU.ActiveCfg = Release|Any CPU
		{D873A369-FA62-4243-9A00-2C6015E159C7}.Release|Any CPU.Build.0 = Release|Any CPU
		{6505D8C9-5A3F-4E43-AC21-3EA31856C0C6}.Debug|Any CPU.ActiveCfg = Debug|Any CPU
		{6505D8C9-5A3F-4E43-AC21-3EA31856C0C6}.Debug|Any CPU.Build.0 = Debug|Any CPU
		{6505D8C9-5A3F-4E43-AC21-3EA31856C0C6}.Release|Any CPU.ActiveCfg = Release|Any CPU
		{6505D8C9-5A3F-4E43-AC21-3EA31856C0C6}.Release|Any CPU.Build.0 = Release|Any CPU
	EndGlobalSection
	GlobalSection(SolutionProperties) = preSolution
		HideSolutionNode = FALSE
	EndGlobalSection
	GlobalSection(ExtensibilityGlobals) = postSolution
		SolutionGuid = {01E9FBF9-8F98-4852-87D6-9E274F32E818}
	EndGlobalSection
EndGlobal
